
Microsoft Visual Studio Solution File, Format Version 11.00
# Visual Studio 2010
Project("{FAE04EC0-301F-11D3-BF4B-00C04F79EFBC}") = "FiDiCleaner", "FiDiCleaner.csproj", "{51AECBFA-CCB7-41A3-B260-24E366A5391F}"
EndProject
Global
	GlobalSection(SolutionConfigurationPlatforms) = preSolution
		Debug|Any CPU = Debug|Any CPU
		Release|Any CPU = Release|Any CPU
	EndGlobalSection
	GlobalSection(ProjectConfigurationPlatforms) = postSolution
		{51AECBFA-CCB7-41A3-B260-24E366A5391F}.Debug|Any CPU.ActiveCfg = Debug|Any CPU
		{51AECBFA-CCB7-41A3-B260-24E366A5391F}.Debug|Any CPU.Build.0 = Debug|Any CPU
		{51AECBFA-CCB7-41A3-B260-24E366A5391F}.Release|Any CPU.ActiveCfg = Release|Any CPU
		{51AECBFA-CCB7-41A3-B260-24E366A5391F}.Release|Any CPU.Build.0 = Release|Any CPU
	EndGlobalSection
	GlobalSection(SolutionProperties) = preSolution
		HideSolutionNode = FALSE
	EndGlobalSection
EndGlobal
